
Microsoft Visual Studio Solution File, Format Version 12.00
# Visual Studio Version 17
VisualStudioVersion = 17.13.35931.197
MinimumVisualStudioVersion = 10.0.40219.1
Project("{FAE04EC0-301F-11D3-BF4B-00C04F79EFBC}") = "GitHub-Users-Repo-Web-App", "GitHub-Users-Repo-Web-App\GitHub-Users-Repo-Web-App.csproj", "{2CF0EEF3-9995-4233-873F-78F149915B01}"
EndProject
Global
	GlobalSection(SolutionConfigurationPlatforms) = preSolution
		Debug|Any CPU = Debug|Any CPU
		Release|Any CPU = Release|Any CPU
	EndGlobalSection
	GlobalSection(ProjectConfigurationPlatforms) = postSolution
		{2CF0EEF3-9995-4233-873F-78F149915B01}.Debug|Any CPU.ActiveCfg = Debug|Any CPU
		{2CF0EEF3-9995-4233-873F-78F149915B01}.Debug|Any CPU.Build.0 = Debug|Any CPU
		{2CF0EEF3-9995-4233-873F-78F149915B01}.Release|Any CPU.ActiveCfg = Release|Any CPU
		{2CF0EEF3-9995-4233-873F-78F149915B01}.Release|Any CPU.Build.0 = Release|Any CPU
	EndGlobalSection
	GlobalSection(SolutionProperties) = preSolution
		HideSolutionNode = FALSE
	EndGlobalSection
	GlobalSection(ExtensibilityGlobals) = postSolution
		SolutionGuid = {09E127BE-7773-4539-BBA7-F747407B06D7}
	EndGlobalSection
EndGlobal
